
Microsoft Visual Studio Solution File, Format Version 12.00
# Visual Studio Version 17
VisualStudioVersion = 17.4.33213.308
MinimumVisualStudioVersion = 10.0.40219.1
Project("{FAE04EC0-301F-11D3-BF4B-00C04F79EFBC}") = "IdadeEmMesesEDias", "IdadeEmMesesEDias\IdadeEmMesesEDias.csproj", "{4F3F7E8B-816A-4459-9531-3630AEE79A11}"
EndProject
Global
	GlobalSection(SolutionConfigurationPlatforms) = preSolution
		Debug|Any CPU = Debug|Any CPU
		Release|Any CPU = Release|Any CPU
	EndGlobalSection
	GlobalSection(ProjectConfigurationPlatforms) = postSolution
		{4F3F7E8B-816A-4459-9531-3630AEE79A11}.Debug|Any CPU.ActiveCfg = Debug|Any CPU
		{4F3F7E8B-816A-4459-9531-3630AEE79A11}.Debug|Any CPU.Build.0 = Debug|Any CPU
		{4F3F7E8B-816A-4459-9531-3630AEE79A11}.Release|Any CPU.ActiveCfg = Release|Any CPU
		{4F3F7E8B-816A-4459-9531-3630AEE79A11}.Release|Any CPU.Build.0 = Release|Any CPU
	EndGlobalSection
	GlobalSection(SolutionProperties) = preSolution
		HideSolutionNode = FALSE
	EndGlobalSection
	GlobalSection(ExtensibilityGlobals) = postSolution
		SolutionGuid = {5BF83B12-D3B2-4F74-B911-79AC34ED6C8E}
	EndGlobalSection
EndGlobal
